
Microsoft Visual Studio Solution File, Format Version 12.00
# Visual Studio Version 16
VisualStudioVersion = 16.0.30717.126
MinimumVisualStudioVersion = 10.0.40219.1
Project("{FAE04EC0-301F-11D3-BF4B-00C04F79EFBC}") = "ConsoleApp1", "ConsoleApp1\ConsoleApp1.csproj", "{32016304-AB63-40E9-A8A3-1B541A3C287A}"
EndProject
Global
	GlobalSection(SolutionConfigurationPlatforms) = preSolution
		Debug|Any CPU = Debug|Any CPU
		Release|Any CPU = Release|Any CPU
	EndGlobalSection
	GlobalSection(ProjectConfigurationPlatforms) = postSolution
		{32016304-AB63-40E9-A8A3-1B541A3C287A}.Debug|Any CPU.ActiveCfg = Debug|Any CPU
		{32016304-AB63-40E9-A8A3-1B541A3C287A}.Debug|Any CPU.Build.0 = Debug|Any CPU
		{32016304-AB63-40E9-A8A3-1B541A3C287A}.Release|Any CPU.ActiveCfg = Release|Any CPU
		{32016304-AB63-40E9-A8A3-1B541A3C287A}.Release|Any CPU.Build.0 = Release|Any CPU
	EndGlobalSection
	GlobalSection(SolutionProperties) = preSolution
		HideSolutionNode = FALSE
	EndGlobalSection
	GlobalSection(ExtensibilityGlobals) = postSolution
		SolutionGuid = {F86464A8-5C59-4173-9DDF-B62533F30FFE}
	EndGlobalSection
EndGlobal
